Microsoft Visual Studio Solution File, Format Version 12.00
# Visual Studio 15
VisualStudioVersion = 15.0.27130.2036
MinimumVisualStudioVersion = 10.0.40219.1
Project("{FAE04EC0-301F-11D3-BF4B-00C04F79EFBC}") = "FlashCards.Android", "src\FlashCards\FlashCards.Android\FlashCards.Android.csproj", "{04398B5C-D231-4A11-882E-2FE4F38AF1F2}"
EndProject
Project("{9A19103F-16F7-4668-BE54-9A1E7A4F7556}") = "ViewModels", "src\ViewModels\ViewModels.csproj", "{CE907DEC-EB8C-48D5-92D0-CB346331248E}"
EndProject
Project("{9A19103F-16F7-4668-BE54-9A1E7A4F7556}") = "Views", "src\Views\Views.csproj", "{4DCD6756-8AE6-4567-A2B9-1B61165A1146}"
EndProject
Project("{FAE04EC0-301F-11D3-BF4B-00C04F79EFBC}") = "UnitTests", "tests\UnitTests\UnitTests.csproj", "{CCC1453B-C753-44E1-ACD9-22C6A5B29D39}"
EndProject
Project("{9A19103F-16F7-4668-BE54-9A1E7A4F7556}") = "Services", "src\Services\Services.csproj", "{71E85B13-54C6-4A98-BC94-8379B3744844}"
EndProject
Project("{9A19103F-16F7-4668-BE54-9A1E7A4F7556}") = "Models", "src\Models\Models.csproj", "{BF8FC753-3438-42CD-B3D4-7337E16F8223}"
EndProject
Project("{2150E333-8FDC-42A3-9474-1A3956D46DE8}") = "Tests", "Tests", "{23FD91F8-FF07-493A-9261-1A24464595CE}"
EndProject
Project("{FAE04EC0-301F-11D3-BF4B-00C04F79EFBC}") = "ViewModelsTests", "tests\ViewModelsTests\ViewModelsTests.csproj", "{E1065CC6-AD2D-487F-B9C2-08E2D38E44DD}"
EndProject
Global
	GlobalSection(SolutionConfigurationPlatforms) = preSolution
		Debug|Any CPU = Debug|Any CPU
		Release|Any CPU = Release|Any CPU
	EndGlobalSection
	GlobalSection(ProjectConfigurationPlatforms) = postSolution
		{04398B5C-D231-4A11-882E-2FE4F38AF1F2}.Debug|Any CPU.ActiveCfg = Debug|Any CPU
		{04398B5C-D231-4A11-882E-2FE4F38AF1F2}.Debug|Any CPU.Build.0 = Debug|Any CPU
		{04398B5C-D231-4A11-882E-2FE4F38AF1F2}.Debug|Any CPU.Deploy.0 = Debug|Any CPU
		{04398B5C-D231-4A11-882E-2FE4F38AF1F2}.Release|Any CPU.ActiveCfg = Release|Any CPU
		{04398B5C-D231-4A11-882E-2FE4F38AF1F2}.Release|Any CPU.Build.0 = Release|Any CPU
		{04398B5C-D231-4A11-882E-2FE4F38AF1F2}.Release|Any CPU.Deploy.0 = Release|Any CPU
		{CE907DEC-EB8C-48D5-92D0-CB346331248E}.Debug|Any CPU.ActiveCfg = Debug|Any CPU
		{CE907DEC-EB8C-48D5-92D0-CB346331248E}.Debug|Any CPU.Build.0 = Debug|Any CPU
		{CE907DEC-EB8C-48D5-92D0-CB346331248E}.Release|Any CPU.ActiveCfg = Release|Any CPU
		{CE907DEC-EB8C-48D5-92D0-CB346331248E}.Release|Any CPU.Build.0 = Release|Any CPU
		{4DCD6756-8AE6-4567-A2B9-1B61165A1146}.Debug|Any CPU.ActiveCfg = Debug|Any CPU
		{4DCD6756-8AE6-4567-A2B9-1B61165A1146}.Debug|Any CPU.Build.0 = Debug|Any CPU
		{4DCD6756-8AE6-4567-A2B9-1B61165A1146}.Release|Any CPU.ActiveCfg = Release|Any CPU
		{4DCD6756-8AE6-4567-A2B9-1B61165A1146}.Release|Any CPU.Build.0 = Release|Any CPU
		{CCC1453B-C753-44E1-ACD9-22C6A5B29D39}.Debug|Any CPU.ActiveCfg = Debug|Any CPU
		{CCC1453B-C753-44E1-ACD9-22C6A5B29D39}.Debug|Any CPU.Build.0 = Debug|Any CPU
		{CCC1453B-C753-44E1-ACD9-22C6A5B29D39}.Release|Any CPU.ActiveCfg = Release|Any CPU
		{CCC1453B-C753-44E1-ACD9-22C6A5B29D39}.Release|Any CPU.Build.0 = Release|Any CPU
		{71E85B13-54C6-4A98-BC94-8379B3744844}.Debug|Any CPU.ActiveCfg = Debug|Any CPU
		{71E85B13-54C6-4A98-BC94-8379B3744844}.Debug|Any CPU.Build.0 = Debug|Any CPU
		{71E85B13-54C6-4A98-BC94-8379B3744844}.Release|Any CPU.ActiveCfg = Release|Any CPU
		{71E85B13-54C6-4A98-BC94-8379B3744844}.Release|Any CPU.Build.0 = Release|Any CPU
		{BF8FC753-3438-42CD-B3D4-7337E16F8223}.Debug|Any CPU.ActiveCfg = Debug|Any CPU
		{BF8FC753-3438-42CD-B3D4-7337E16F8223}.Debug|Any CPU.Build.0 = Debug|Any CPU
		{BF8FC753-3438-42CD-B3D4-7337E16F8223}.Release|Any CPU.ActiveCfg = Release|Any CPU
		{BF8FC753-3438-42CD-B3D4-7337E16F8223}.Release|Any CPU.Build.0 = Release|Any CPU
		{E1065CC6-AD2D-487F-B9C2-08E2D38E44DD}.Debug|Any CPU.ActiveCfg = Debug|Any CPU
		{E1065CC6-AD2D-487F-B9C2-08E2D38E44DD}.Debug|Any CPU.Build.0 = Debug|Any CPU
		{E1065CC6-AD2D-487F-B9C2-08E2D38E44DD}.Release|Any CPU.ActiveCfg = Release|Any CPU
		{E1065CC6-AD2D-487F-B9C2-08E2D38E44DD}.Release|Any CPU.Build.0 = Release|Any CPU
	EndGlobalSection
	GlobalSection(SolutionProperties) = preSolution
		HideSolutionNode = FALSE
	EndGlobalSection
	GlobalSection(NestedProjects) = preSolution
		{CCC1453B-C753-44E1-ACD9-22C6A5B29D39} = {23FD91F8-FF07-493A-9261-1A24464595CE}
		{E1065CC6-AD2D-487F-B9C2-08E2D38E44DD} = {23FD91F8-FF07-493A-9261-1A24464595CE}
	EndGlobalSection
	GlobalSection(ExtensibilityGlobals) = postSolution
		SolutionGuid = {A6ED1453-BE3D-4D15-A1D1-1069454E5E99}
	EndGlobalSection
EndGlobal
