
Microsoft Visual Studio Solution File, Format Version 12.00
# Visual Studio 15
VisualStudioVersion = 15.0.27130.2027
MinimumVisualStudioVersion = 10.0.40219.1
Project("{9A19103F-16F7-4668-BE54-9A1E7A4F7556}") = "FlashCards.UnitTests", "FlashCards.UnitTests\FlashCards.UnitTests.csproj", "{18412687-3F17-48EE-96E8-EA379FBC65D2}"
EndProject
Project("{9A19103F-16F7-4668-BE54-9A1E7A4F7556}") = "Models", "Models\Models.csproj", "{69427260-CB15-477A-BB67-4BEAD0BD6D18}"
EndProject
Project("{9A19103F-16F7-4668-BE54-9A1E7A4F7556}") = "ViewModels", "ViewModels\ViewModels.csproj", "{622DAA30-3C61-45F3-A099-BF154ADBB2A2}"
EndProject
Project("{9A19103F-16F7-4668-BE54-9A1E7A4F7556}") = "Views", "Views\Views.csproj", "{99F85775-D0F1-4A7F-BCE8-828D2BA4B0F8}"
EndProject
Project("{FAE04EC0-301F-11D3-BF4B-00C04F79EFBC}") = "FlashCards.Android", "FlashCards\FlashCards.Android\FlashCards.Android.csproj", "{04398B5C-D231-4A11-882E-2FE4F38AF1F2}"
EndProject
Global
	GlobalSection(SolutionConfigurationPlatforms) = preSolution
		Ad-Hoc|Any CPU = Ad-Hoc|Any CPU
		Ad-Hoc|iPhone = Ad-Hoc|iPhone
		Ad-Hoc|iPhoneSimulator = Ad-Hoc|iPhoneSimulator
		AppStore|Any CPU = AppStore|Any CPU
		AppStore|iPhone = AppStore|iPhone
		AppStore|iPhoneSimulator = AppStore|iPhoneSimulator
		Debug|Any CPU = Debug|Any CPU
		Debug|iPhone = Debug|iPhone
		Debug|iPhoneSimulator = Debug|iPhoneSimulator
		Release|Any CPU = Release|Any CPU
		Release|iPhone = Release|iPhone
		Release|iPhoneSimulator = Release|iPhoneSimulator
	EndGlobalSection
	GlobalSection(ProjectConfigurationPlatforms) = postSolution
		{18412687-3F17-48EE-96E8-EA379FBC65D2}.Ad-Hoc|Any CPU.ActiveCfg = Debug|Any CPU
		{18412687-3F17-48EE-96E8-EA379FBC65D2}.Ad-Hoc|Any CPU.Build.0 = Debug|Any CPU
		{18412687-3F17-48EE-96E8-EA379FBC65D2}.Ad-Hoc|iPhone.ActiveCfg = Debug|Any CPU
		{18412687-3F17-48EE-96E8-EA379FBC65D2}.Ad-Hoc|iPhone.Build.0 = Debug|Any CPU
		{18412687-3F17-48EE-96E8-EA379FBC65D2}.Ad-Hoc|iPhoneSimulator.ActiveCfg = Debug|Any CPU
		{18412687-3F17-48EE-96E8-EA379FBC65D2}.Ad-Hoc|iPhoneSimulator.Build.0 = Debug|Any CPU
		{18412687-3F17-48EE-96E8-EA379FBC65D2}.AppStore|Any CPU.ActiveCfg = Debug|Any CPU
		{18412687-3F17-48EE-96E8-EA379FBC65D2}.AppStore|Any CPU.Build.0 = Debug|Any CPU
		{18412687-3F17-48EE-96E8-EA379FBC65D2}.AppStore|iPhone.ActiveCfg = Debug|Any CPU
		{18412687-3F17-48EE-96E8-EA379FBC65D2}.AppStore|iPhone.Build.0 = Debug|Any CPU
		{18412687-3F17-48EE-96E8-EA379FBC65D2}.AppStore|iPhoneSimulator.ActiveCfg = Debug|Any CPU
		{18412687-3F17-48EE-96E8-EA379FBC65D2}.AppStore|iPhoneSimulator.Build.0 = Debug|Any CPU
		{18412687-3F17-48EE-96E8-EA379FBC65D2}.Debug|Any CPU.ActiveCfg = Debug|Any CPU
		{18412687-3F17-48EE-96E8-EA379FBC65D2}.Debug|Any CPU.Build.0 = Debug|Any CPU
		{18412687-3F17-48EE-96E8-EA379FBC65D2}.Debug|iPhone.ActiveCfg = Debug|Any CPU
		{18412687-3F17-48EE-96E8-EA379FBC65D2}.Debug|iPhone.Build.0 = Debug|Any CPU
		{18412687-3F17-48EE-96E8-EA379FBC65D2}.Debug|iPhoneSimulator.ActiveCfg = Debug|Any CPU
		{18412687-3F17-48EE-96E8-EA379FBC65D2}.Debug|iPhoneSimulator.Build.0 = Debug|Any CPU
		{18412687-3F17-48EE-96E8-EA379FBC65D2}.Release|Any CPU.ActiveCfg = Release|Any CPU
		{18412687-3F17-48EE-96E8-EA379FBC65D2}.Release|Any CPU.Build.0 = Release|Any CPU
		{18412687-3F17-48EE-96E8-EA379FBC65D2}.Release|iPhone.ActiveCfg = Release|Any CPU
		{18412687-3F17-48EE-96E8-EA379FBC65D2}.Release|iPhone.Build.0 = Release|Any CPU
		{18412687-3F17-48EE-96E8-EA379FBC65D2}.Release|iPhoneSimulator.ActiveCfg = Release|Any CPU
		{18412687-3F17-48EE-96E8-EA379FBC65D2}.Release|iPhoneSimulator.Build.0 = Release|Any CPU
		{69427260-CB15-477A-BB67-4BEAD0BD6D18}.Ad-Hoc|Any CPU.ActiveCfg = Debug|Any CPU
		{69427260-CB15-477A-BB67-4BEAD0BD6D18}.Ad-Hoc|Any CPU.Build.0 = Debug|Any CPU
		{69427260-CB15-477A-BB67-4BEAD0BD6D18}.Ad-Hoc|iPhone.ActiveCfg = Debug|Any CPU
		{69427260-CB15-477A-BB67-4BEAD0BD6D18}.Ad-Hoc|iPhone.Build.0 = Debug|Any CPU
		{69427260-CB15-477A-BB67-4BEAD0BD6D18}.Ad-Hoc|iPhoneSimulator.ActiveCfg = Debug|Any CPU
		{69427260-CB15-477A-BB67-4BEAD0BD6D18}.Ad-Hoc|iPhoneSimulator.Build.0 = Debug|Any CPU
		{69427260-CB15-477A-BB67-4BEAD0BD6D18}.AppStore|Any CPU.ActiveCfg = Debug|Any CPU
		{69427260-CB15-477A-BB67-4BEAD0BD6D18}.AppStore|Any CPU.Build.0 = Debug|Any CPU
		{69427260-CB15-477A-BB67-4BEAD0BD6D18}.AppStore|iPhone.ActiveCfg = Debug|Any CPU
		{69427260-CB15-477A-BB67-4BEAD0BD6D18}.AppStore|iPhone.Build.0 = Debug|Any CPU
		{69427260-CB15-477A-BB67-4BEAD0BD6D18}.AppStore|iPhoneSimulator.ActiveCfg = Debug|Any CPU
		{69427260-CB15-477A-BB67-4BEAD0BD6D18}.AppStore|iPhoneSimulator.Build.0 = Debug|Any CPU
		{69427260-CB15-477A-BB67-4BEAD0BD6D18}.Debug|Any CPU.ActiveCfg = Debug|Any CPU
		{69427260-CB15-477A-BB67-4BEAD0BD6D18}.Debug|Any CPU.Build.0 = Debug|Any CPU
		{69427260-CB15-477A-BB67-4BEAD0BD6D18}.Debug|iPhone.ActiveCfg = Debug|Any CPU
		{69427260-CB15-477A-BB67-4BEAD0BD6D18}.Debug|iPhone.Build.0 = Debug|Any CPU
		{69427260-CB15-477A-BB67-4BEAD0BD6D18}.Debug|iPhoneSimulator.ActiveCfg = Debug|Any CPU
		{69427260-CB15-477A-BB67-4BEAD0BD6D18}.Debug|iPhoneSimulator.Build.0 = Debug|Any CPU
		{69427260-CB15-477A-BB67-4BEAD0BD6D18}.Release|Any CPU.ActiveCfg = Release|Any CPU
		{69427260-CB15-477A-BB67-4BEAD0BD6D18}.Release|Any CPU.Build.0 = Release|Any CPU
		{69427260-CB15-477A-BB67-4BEAD0BD6D18}.Release|iPhone.ActiveCfg = Release|Any CPU
		{69427260-CB15-477A-BB67-4BEAD0BD6D18}.Release|iPhone.Build.0 = Release|Any CPU
		{69427260-CB15-477A-BB67-4BEAD0BD6D18}.Release|iPhoneSimulator.ActiveCfg = Release|Any CPU
		{69427260-CB15-477A-BB67-4BEAD0BD6D18}.Release|iPhoneSimulator.Build.0 = Release|Any CPU
		{622DAA30-3C61-45F3-A099-BF154ADBB2A2}.Ad-Hoc|Any CPU.ActiveCfg = Debug|Any CPU
		{622DAA30-3C61-45F3-A099-BF154ADBB2A2}.Ad-Hoc|Any CPU.Build.0 = Debug|Any CPU
		{622DAA30-3C61-45F3-A099-BF154ADBB2A2}.Ad-Hoc|iPhone.ActiveCfg = Debug|Any CPU
		{622DAA30-3C61-45F3-A099-BF154ADBB2A2}.Ad-Hoc|iPhone.Build.0 = Debug|Any CPU
		{622DAA30-3C61-45F3-A099-BF154ADBB2A2}.Ad-Hoc|iPhoneSimulator.ActiveCfg = Debug|Any CPU
		{622DAA30-3C61-45F3-A099-BF154ADBB2A2}.Ad-Hoc|iPhoneSimulator.Build.0 = Debug|Any CPU
		{622DAA30-3C61-45F3-A099-BF154ADBB2A2}.AppStore|Any CPU.ActiveCfg = Debug|Any CPU
		{622DAA30-3C61-45F3-A099-BF154ADBB2A2}.AppStore|Any CPU.Build.0 = Debug|Any CPU
		{622DAA30-3C61-45F3-A099-BF154ADBB2A2}.AppStore|iPhone.ActiveCfg = Debug|Any CPU
		{622DAA30-3C61-45F3-A099-BF154ADBB2A2}.AppStore|iPhone.Build.0 = Debug|Any CPU
		{622DAA30-3C61-45F3-A099-BF154ADBB2A2}.AppStore|iPhoneSimulator.ActiveCfg = Debug|Any CPU
		{622DAA30-3C61-45F3-A099-BF154ADBB2A2}.AppStore|iPhoneSimulator.Build.0 = Debug|Any CPU
		{622DAA30-3C61-45F3-A099-BF154ADBB2A2}.Debug|Any CPU.ActiveCfg = Debug|Any CPU
		{622DAA30-3C61-45F3-A099-BF154ADBB2A2}.Debug|Any CPU.Build.0 = Debug|Any CPU
		{622DAA30-3C61-45F3-A099-BF154ADBB2A2}.Debug|iPhone.ActiveCfg = Debug|Any CPU
		{622DAA30-3C61-45F3-A099-BF154ADBB2A2}.Debug|iPhone.Build.0 = Debug|Any CPU
		{622DAA30-3C61-45F3-A099-BF154ADBB2A2}.Debug|iPhoneSimulator.ActiveCfg = Debug|Any CPU
		{622DAA30-3C61-45F3-A099-BF154ADBB2A2}.Debug|iPhoneSimulator.Build.0 = Debug|Any CPU
		{622DAA30-3C61-45F3-A099-BF154ADBB2A2}.Release|Any CPU.ActiveCfg = Release|Any CPU
		{622DAA30-3C61-45F3-A099-BF154ADBB2A2}.Release|Any CPU.Build.0 = Release|Any CPU
		{622DAA30-3C61-45F3-A099-BF154ADBB2A2}.Release|iPhone.ActiveCfg = Release|Any CPU
		{622DAA30-3C61-45F3-A099-BF154ADBB2A2}.Release|iPhone.Build.0 = Release|Any CPU
		{622DAA30-3C61-45F3-A099-BF154ADBB2A2}.Release|iPhoneSimulator.ActiveCfg = Release|Any CPU
		{622DAA30-3C61-45F3-A099-BF154ADBB2A2}.Release|iPhoneSimulator.Build.0 = Release|Any CPU
		{99F85775-D0F1-4A7F-BCE8-828D2BA4B0F8}.Ad-Hoc|Any CPU.ActiveCfg = Debug|Any CPU
		{99F85775-D0F1-4A7F-BCE8-828D2BA4B0F8}.Ad-Hoc|Any CPU.Build.0 = Debug|Any CPU
		{99F85775-D0F1-4A7F-BCE8-828D2BA4B0F8}.Ad-Hoc|iPhone.ActiveCfg = Debug|Any CPU
		{99F85775-D0F1-4A7F-BCE8-828D2BA4B0F8}.Ad-Hoc|iPhone.Build.0 = Debug|Any CPU
		{99F85775-D0F1-4A7F-BCE8-828D2BA4B0F8}.Ad-Hoc|iPhoneSimulator.ActiveCfg = Debug|Any CPU
		{99F85775-D0F1-4A7F-BCE8-828D2BA4B0F8}.Ad-Hoc|iPhoneSimulator.Build.0 = Debug|Any CPU
		{99F85775-D0F1-4A7F-BCE8-828D2BA4B0F8}.AppStore|Any CPU.ActiveCfg = Debug|Any CPU
		{99F85775-D0F1-4A7F-BCE8-828D2BA4B0F8}.AppStore|Any CPU.Build.0 = Debug|Any CPU
		{99F85775-D0F1-4A7F-BCE8-828D2BA4B0F8}.AppStore|iPhone.ActiveCfg = Debug|Any CPU
		{99F85775-D0F1-4A7F-BCE8-828D2BA4B0F8}.AppStore|iPhone.Build.0 = Debug|Any CPU
		{99F85775-D0F1-4A7F-BCE8-828D2BA4B0F8}.AppStore|iPhoneSimulator.ActiveCfg = Debug|Any CPU
		{99F85775-D0F1-4A7F-BCE8-828D2BA4B0F8}.AppStore|iPhoneSimulator.Build.0 = Debug|Any CPU
		{99F85775-D0F1-4A7F-BCE8-828D2BA4B0F8}.Debug|Any CPU.ActiveCfg = Debug|Any CPU
		{99F85775-D0F1-4A7F-BCE8-828D2BA4B0F8}.Debug|Any CPU.Build.0 = Debug|Any CPU
		{99F85775-D0F1-4A7F-BCE8-828D2BA4B0F8}.Debug|iPhone.ActiveCfg = Debug|Any CPU
		{99F85775-D0F1-4A7F-BCE8-828D2BA4B0F8}.Debug|iPhone.Build.0 = Debug|Any CPU
		{99F85775-D0F1-4A7F-BCE8-828D2BA4B0F8}.Debug|iPhoneSimulator.ActiveCfg = Debug|Any CPU
		{99F85775-D0F1-4A7F-BCE8-828D2BA4B0F8}.Debug|iPhoneSimulator.Build.0 = Debug|Any CPU
		{99F85775-D0F1-4A7F-BCE8-828D2BA4B0F8}.Release|Any CPU.ActiveCfg = Release|Any CPU
		{99F85775-D0F1-4A7F-BCE8-828D2BA4B0F8}.Release|Any CPU.Build.0 = Release|Any CPU
		{99F85775-D0F1-4A7F-BCE8-828D2BA4B0F8}.Release|iPhone.ActiveCfg = Release|Any CPU
		{99F85775-D0F1-4A7F-BCE8-828D2BA4B0F8}.Release|iPhone.Build.0 = Release|Any CPU
		{99F85775-D0F1-4A7F-BCE8-828D2BA4B0F8}.Release|iPhoneSimulator.ActiveCfg = Release|Any CPU
		{99F85775-D0F1-4A7F-BCE8-828D2BA4B0F8}.Release|iPhoneSimulator.Build.0 = Release|Any CPU
		{04398B5C-D231-4A11-882E-2FE4F38AF1F2}.Ad-Hoc|Any CPU.ActiveCfg = Release|Any CPU
		{04398B5C-D231-4A11-882E-2FE4F38AF1F2}.Ad-Hoc|Any CPU.Build.0 = Release|Any CPU
		{04398B5C-D231-4A11-882E-2FE4F38AF1F2}.Ad-Hoc|Any CPU.Deploy.0 = Release|Any CPU
		{04398B5C-D231-4A11-882E-2FE4F38AF1F2}.Ad-Hoc|iPhone.ActiveCfg = Release|Any CPU
		{04398B5C-D231-4A11-882E-2FE4F38AF1F2}.Ad-Hoc|iPhone.Build.0 = Release|Any CPU
		{04398B5C-D231-4A11-882E-2FE4F38AF1F2}.Ad-Hoc|iPhone.Deploy.0 = Release|Any CPU
		{04398B5C-D231-4A11-882E-2FE4F38AF1F2}.Ad-Hoc|iPhoneSimulator.ActiveCfg = Release|Any CPU
		{04398B5C-D231-4A11-882E-2FE4F38AF1F2}.Ad-Hoc|iPhoneSimulator.Build.0 = Release|Any CPU
		{04398B5C-D231-4A11-882E-2FE4F38AF1F2}.Ad-Hoc|iPhoneSimulator.Deploy.0 = Release|Any CPU
		{04398B5C-D231-4A11-882E-2FE4F38AF1F2}.AppStore|Any CPU.ActiveCfg = Release|Any CPU
		{04398B5C-D231-4A11-882E-2FE4F38AF1F2}.AppStore|Any CPU.Build.0 = Release|Any CPU
		{04398B5C-D231-4A11-882E-2FE4F38AF1F2}.AppStore|Any CPU.Deploy.0 = Release|Any CPU
		{04398B5C-D231-4A11-882E-2FE4F38AF1F2}.AppStore|iPhone.ActiveCfg = Release|Any CPU
		{04398B5C-D231-4A11-882E-2FE4F38AF1F2}.AppStore|iPhone.Build.0 = Release|Any CPU
		{04398B5C-D231-4A11-882E-2FE4F38AF1F2}.AppStore|iPhone.Deploy.0 = Release|Any CPU
		{04398B5C-D231-4A11-882E-2FE4F38AF1F2}.AppStore|iPhoneSimulator.ActiveCfg = Release|Any CPU
		{04398B5C-D231-4A11-882E-2FE4F38AF1F2}.AppStore|iPhoneSimulator.Build.0 = Release|Any CPU
		{04398B5C-D231-4A11-882E-2FE4F38AF1F2}.AppStore|iPhoneSimulator.Deploy.0 = Release|Any CPU
		{04398B5C-D231-4A11-882E-2FE4F38AF1F2}.Debug|Any CPU.ActiveCfg = Debug|Any CPU
		{04398B5C-D231-4A11-882E-2FE4F38AF1F2}.Debug|Any CPU.Build.0 = Debug|Any CPU
		{04398B5C-D231-4A11-882E-2FE4F38AF1F2}.Debug|Any CPU.Deploy.0 = Debug|Any CPU
		{04398B5C-D231-4A11-882E-2FE4F38AF1F2}.Debug|iPhone.ActiveCfg = Debug|Any CPU
		{04398B5C-D231-4A11-882E-2FE4F38AF1F2}.Debug|iPhone.Build.0 = Debug|Any CPU
		{04398B5C-D231-4A11-882E-2FE4F38AF1F2}.Debug|iPhone.Deploy.0 = Debug|Any CPU
		{04398B5C-D231-4A11-882E-2FE4F38AF1F2}.Debug|iPhoneSimulator.ActiveCfg = Debug|Any CPU
		{04398B5C-D231-4A11-882E-2FE4F38AF1F2}.Debug|iPhoneSimulator.Build.0 = Debug|Any CPU
		{04398B5C-D231-4A11-882E-2FE4F38AF1F2}.Debug|iPhoneSimulator.Deploy.0 = Debug|Any CPU
		{04398B5C-D231-4A11-882E-2FE4F38AF1F2}.Release|Any CPU.ActiveCfg = Release|Any CPU
		{04398B5C-D231-4A11-882E-2FE4F38AF1F2}.Release|Any CPU.Build.0 = Release|Any CPU
		{04398B5C-D231-4A11-882E-2FE4F38AF1F2}.Release|Any CPU.Deploy.0 = Release|Any CPU
		{04398B5C-D231-4A11-882E-2FE4F38AF1F2}.Release|iPhone.ActiveCfg = Release|Any CPU
		{04398B5C-D231-4A11-882E-2FE4F38AF1F2}.Release|iPhone.Build.0 = Release|Any CPU
		{04398B5C-D231-4A11-882E-2FE4F38AF1F2}.Release|iPhone.Deploy.0 = Release|Any CPU
		{04398B5C-D231-4A11-882E-2FE4F38AF1F2}.Release|iPhoneSimulator.ActiveCfg = Release|Any CPU
		{04398B5C-D231-4A11-882E-2FE4F38AF1F2}.Release|iPhoneSimulator.Build.0 = Release|Any CPU
		{04398B5C-D231-4A11-882E-2FE4F38AF1F2}.Release|iPhoneSimulator.Deploy.0 = Release|Any CPU
	EndGlobalSection
	GlobalSection(SolutionProperties) = preSolution
		HideSolutionNode = FALSE
	EndGlobalSection
	GlobalSection(ExtensibilityGlobals) = postSolution
		SolutionGuid = {A6ED1453-BE3D-4D15-A1D1-1069454E5E99}
	EndGlobalSection
EndGlobal
